
Microsoft Visual Studio Solution File, Format Version 9.00
# Visual Studio 2005
Project("{8BC9CEB8-8B4A-11D0-8D11-00A0C91BC942}") = "Fourth Task Tree", "Fourth Task Tree.vcproj", "{695A944E-CD93-48D0-BA4E-2BE7E8315AC2}"
	ProjectSection(ProjectDependencies) = postProject
		{EDDFD935-AC6F-4908-BCE6-244D7B8800A1} = {EDDFD935-AC6F-4908-BCE6-244D7B8800A1}
	EndProjectSection
EndProject
Project("{8BC9CEB8-8B4A-11D0-8D11-00A0C91BC942}") = "CppUnitLite", "CppUnitLite\CppUnitLite.vcproj", "{EDDFD935-AC6F-4908-BCE6-244D7B8800A1}"
EndProject
Global
	GlobalSection(SolutionConfigurationPlatforms) = preSolution
		Debug|Win32 = Debug|Win32
		DebugCA|Win32 = DebugCA|Win32
		Release|Win32 = Release|Win32
	EndGlobalSection
	GlobalSection(ProjectConfigurationPlatforms) = postSolution
		{695A944E-CD93-48D0-BA4E-2BE7E8315AC2}.Debug|Win32.ActiveCfg = Debug|Win32
		{695A944E-CD93-48D0-BA4E-2BE7E8315AC2}.Debug|Win32.Build.0 = Debug|Win32
		{695A944E-CD93-48D0-BA4E-2BE7E8315AC2}.DebugCA|Win32.ActiveCfg = Debug|Win32
		{695A944E-CD93-48D0-BA4E-2BE7E8315AC2}.DebugCA|Win32.Build.0 = Debug|Win32
		{695A944E-CD93-48D0-BA4E-2BE7E8315AC2}.Release|Win32.ActiveCfg = Release|Win32
		{695A944E-CD93-48D0-BA4E-2BE7E8315AC2}.Release|Win32.Build.0 = Release|Win32
		{EDDFD935-AC6F-4908-BCE6-244D7B8800A1}.Debug|Win32.ActiveCfg = Debug|Win32
		{EDDFD935-AC6F-4908-BCE6-244D7B8800A1}.Debug|Win32.Build.0 = Debug|Win32
		{EDDFD935-AC6F-4908-BCE6-244D7B8800A1}.DebugCA|Win32.ActiveCfg = DebugCA|Win32
		{EDDFD935-AC6F-4908-BCE6-244D7B8800A1}.DebugCA|Win32.Build.0 = DebugCA|Win32
		{EDDFD935-AC6F-4908-BCE6-244D7B8800A1}.Release|Win32.ActiveCfg = Release|Win32
		{EDDFD935-AC6F-4908-BCE6-244D7B8800A1}.Release|Win32.Build.0 = Release|Win32
	EndGlobalSection
	GlobalSection(SolutionProperties) = preSolution
		HideSolutionNode = FALSE
	EndGlobalSection
EndGlobal
